
Microsoft Visual Studio Solution File, Format Version 12.00
# Visual Studio Version 17
VisualStudioVersion = 17.3.32901.215
MinimumVisualStudioVersion = 10.0.40219.1
Project("{FAE04EC0-301F-11D3-BF4B-00C04F79EFBC}") = "DOANCUOIKY", "DOANCUOIKY\DOANCUOIKY.csproj", "{89A1DBCE-1072-4068-9085-9A2B7330E1E7}"
EndProject
Global
	GlobalSection(SolutionConfigurationPlatforms) = preSolution
		Debug|Any CPU = Debug|Any CPU
		Release|Any CPU = Release|Any CPU
	EndGlobalSection
	GlobalSection(ProjectConfigurationPlatforms) = postSolution
		{89A1DBCE-1072-4068-9085-9A2B7330E1E7}.Debug|Any CPU.ActiveCfg = Debug|Any CPU
		{89A1DBCE-1072-4068-9085-9A2B7330E1E7}.Debug|Any CPU.Build.0 = Debug|Any CPU
		{89A1DBCE-1072-4068-9085-9A2B7330E1E7}.Release|Any CPU.ActiveCfg = Release|Any CPU
		{89A1DBCE-1072-4068-9085-9A2B7330E1E7}.Release|Any CPU.Build.0 = Release|Any CPU
	EndGlobalSection
	GlobalSection(SolutionProperties) = preSolution
		HideSolutionNode = FALSE
	EndGlobalSection
	GlobalSection(ExtensibilityGlobals) = postSolution
		SolutionGuid = {04EA0937-46F9-4DB1-989F-3244DB671246}
	EndGlobalSection
EndGlobal
